
Microsoft Visual Studio Solution File, Format Version 12.00
# Visual Studio 2013
VisualStudioVersion = 12.0.21005.1
MinimumVisualStudioVersion = 10.0.40219.1
Project("{FAE04EC0-301F-11D3-BF4B-00C04F79EFBC}") = "Test.Domain", "Test.Domain\Test.Domain.csproj", "{2F579817-1F40-4116-BD9F-46BCF9AAAB2E}"
EndProject
Project("{FAE04EC0-301F-11D3-BF4B-00C04F79EFBC}") = "Test.Respository", "Test.Respository\Test.Respository.csproj", "{BDF7A1F2-FDA7-45D4-AD1F-3315C5A78694}"
EndProject
Project("{FAE04EC0-301F-11D3-BF4B-00C04F79EFBC}") = "Test.Service", "Test.Service\Test.Service.csproj", "{96478210-36C2-41F4-B94C-49B333599AB3}"
EndProject
Project("{FAE04EC0-301F-11D3-BF4B-00C04F79EFBC}") = "Test.Web", "Test.Web\Test.Web.csproj", "{160D4AD1-49A8-459B-932D-D84485DCADC6}"
EndProject
Global
	GlobalSection(SolutionConfigurationPlatforms) = preSolution
		Debug|Any CPU = Debug|Any CPU
		Release|Any CPU = Release|Any CPU
	EndGlobalSection
	GlobalSection(ProjectConfigurationPlatforms) = postSolution
		{2F579817-1F40-4116-BD9F-46BCF9AAAB2E}.Debug|Any CPU.ActiveCfg = Debug|Any CPU
		{2F579817-1F40-4116-BD9F-46BCF9AAAB2E}.Debug|Any CPU.Build.0 = Debug|Any CPU
		{2F579817-1F40-4116-BD9F-46BCF9AAAB2E}.Release|Any CPU.ActiveCfg = Release|Any CPU
		{2F579817-1F40-4116-BD9F-46BCF9AAAB2E}.Release|Any CPU.Build.0 = Release|Any CPU
		{BDF7A1F2-FDA7-45D4-AD1F-3315C5A78694}.Debug|Any CPU.ActiveCfg = Debug|Any CPU
		{BDF7A1F2-FDA7-45D4-AD1F-3315C5A78694}.Debug|Any CPU.Build.0 = Debug|Any CPU
		{BDF7A1F2-FDA7-45D4-AD1F-3315C5A78694}.Release|Any CPU.ActiveCfg = Release|Any CPU
		{BDF7A1F2-FDA7-45D4-AD1F-3315C5A78694}.Release|Any CPU.Build.0 = Release|Any CPU
		{96478210-36C2-41F4-B94C-49B333599AB3}.Debug|Any CPU.ActiveCfg = Debug|Any CPU
		{96478210-36C2-41F4-B94C-49B333599AB3}.Debug|Any CPU.Build.0 = Debug|Any CPU
		{96478210-36C2-41F4-B94C-49B333599AB3}.Release|Any CPU.ActiveCfg = Release|Any CPU
		{96478210-36C2-41F4-B94C-49B333599AB3}.Release|Any CPU.Build.0 = Release|Any CPU
		{160D4AD1-49A8-459B-932D-D84485DCADC6}.Debug|Any CPU.ActiveCfg = Debug|Any CPU
		{160D4AD1-49A8-459B-932D-D84485DCADC6}.Debug|Any CPU.Build.0 = Debug|Any CPU
		{160D4AD1-49A8-459B-932D-D84485DCADC6}.Release|Any CPU.ActiveCfg = Release|Any CPU
		{160D4AD1-49A8-459B-932D-D84485DCADC6}.Release|Any CPU.Build.0 = Release|Any CPU
	EndGlobalSection
	GlobalSection(SolutionProperties) = preSolution
		HideSolutionNode = FALSE
	EndGlobalSection
EndGlobal
